
Microsoft Visual Studio Solution File, Format Version 12.00
# Visual Studio Version 16
VisualStudioVersion = 16.0.29926.136
MinimumVisualStudioVersion = 10.0.40219.1
Project("{FAE04EC0-301F-11D3-BF4B-00C04F79EFBC}") = "cSharp-SimpleClass", "cSharp-SimpleClass\cSharp-SimpleClass.csproj", "{BA1D61FE-14CB-48F0-995E-1CB9E34CE22C}"
EndProject
Global
	GlobalSection(SolutionConfigurationPlatforms) = preSolution
		Debug|Any CPU = Debug|Any CPU
		Release|Any CPU = Release|Any CPU
	EndGlobalSection
	GlobalSection(ProjectConfigurationPlatforms) = postSolution
		{BA1D61FE-14CB-48F0-995E-1CB9E34CE22C}.Debug|Any CPU.ActiveCfg = Debug|Any CPU
		{BA1D61FE-14CB-48F0-995E-1CB9E34CE22C}.Debug|Any CPU.Build.0 = Debug|Any CPU
		{BA1D61FE-14CB-48F0-995E-1CB9E34CE22C}.Release|Any CPU.ActiveCfg = Release|Any CPU
		{BA1D61FE-14CB-48F0-995E-1CB9E34CE22C}.Release|Any CPU.Build.0 = Release|Any CPU
	EndGlobalSection
	GlobalSection(SolutionProperties) = preSolution
		HideSolutionNode = FALSE
	EndGlobalSection
	GlobalSection(ExtensibilityGlobals) = postSolution
		SolutionGuid = {74E02E5C-A81B-42C6-8D4B-E9CBFCAED779}
	EndGlobalSection
EndGlobal
